
Microsoft Visual Studio Solution File, Format Version 12.00
# Visual Studio 15
VisualStudioVersion = 15.0.28010.2016
MinimumVisualStudioVersion = 10.0.40219.1
Project("{FAE04EC0-301F-11D3-BF4B-00C04F79EFBC}") = "Calculator", "Calculator\Calculator.csproj", "{A494FA8E-7C37-4A50-A868-ED190C8B4EC1}"
EndProject
Global
	GlobalSection(SolutionConfigurationPlatforms) = preSolution
		Debug|Any CPU = Debug|Any CPU
		Release|Any CPU = Release|Any CPU
	EndGlobalSection
	GlobalSection(ProjectConfigurationPlatforms) = postSolution
		{A494FA8E-7C37-4A50-A868-ED190C8B4EC1}.Debug|Any CPU.ActiveCfg = Debug|Any CPU
		{A494FA8E-7C37-4A50-A868-ED190C8B4EC1}.Debug|Any CPU.Build.0 = Debug|Any CPU
		{A494FA8E-7C37-4A50-A868-ED190C8B4EC1}.Release|Any CPU.ActiveCfg = Release|Any CPU
		{A494FA8E-7C37-4A50-A868-ED190C8B4EC1}.Release|Any CPU.Build.0 = Release|Any CPU
	EndGlobalSection
	GlobalSection(SolutionProperties) = preSolution
		HideSolutionNode = FALSE
	EndGlobalSection
	GlobalSection(ExtensibilityGlobals) = postSolution
		SolutionGuid = {0BB086BC-9C03-4DE3-8809-B90C6FB8F977}
	EndGlobalSection
EndGlobal
