
Microsoft Visual Studio Solution File, Format Version 12.00
# Visual Studio 15
VisualStudioVersion = 15.0.28010.2016
MinimumVisualStudioVersion = 10.0.40219.1
Project("{FAE04EC0-301F-11D3-BF4B-00C04F79EFBC}") = "SimpleStringCalculator", "SimpleStringCalculator\SimpleStringCalculator.csproj", "{0106B6C1-A34E-4F04-BE7C-6D7F3A7DDCFB}"
EndProject
Project("{FAE04EC0-301F-11D3-BF4B-00C04F79EFBC}") = "SimpleStringCalculator.UnitTests", "SimpleStringCalculator.UnitTests\SimpleStringCalculator.UnitTests.csproj", "{865ACB9A-7775-4AB5-AAC3-E2A475DCBAC0}"
EndProject
Global
	GlobalSection(SolutionConfigurationPlatforms) = preSolution
		Debug|Any CPU = Debug|Any CPU
		Release|Any CPU = Release|Any CPU
	EndGlobalSection
	GlobalSection(ProjectConfigurationPlatforms) = postSolution
		{0106B6C1-A34E-4F04-BE7C-6D7F3A7DDCFB}.Debug|Any CPU.ActiveCfg = Debug|Any CPU
		{0106B6C1-A34E-4F04-BE7C-6D7F3A7DDCFB}.Debug|Any CPU.Build.0 = Debug|Any CPU
		{0106B6C1-A34E-4F04-BE7C-6D7F3A7DDCFB}.Release|Any CPU.ActiveCfg = Release|Any CPU
		{0106B6C1-A34E-4F04-BE7C-6D7F3A7DDCFB}.Release|Any CPU.Build.0 = Release|Any CPU
		{865ACB9A-7775-4AB5-AAC3-E2A475DCBAC0}.Debug|Any CPU.ActiveCfg = Debug|Any CPU
		{865ACB9A-7775-4AB5-AAC3-E2A475DCBAC0}.Debug|Any CPU.Build.0 = Debug|Any CPU
		{865ACB9A-7775-4AB5-AAC3-E2A475DCBAC0}.Release|Any CPU.ActiveCfg = Release|Any CPU
		{865ACB9A-7775-4AB5-AAC3-E2A475DCBAC0}.Release|Any CPU.Build.0 = Release|Any CPU
	EndGlobalSection
	GlobalSection(SolutionProperties) = preSolution
		HideSolutionNode = FALSE
	EndGlobalSection
	GlobalSection(ExtensibilityGlobals) = postSolution
		SolutionGuid = {1763B4E0-E0DD-47D4-817B-43EBFAC1A9D1}
	EndGlobalSection
EndGlobal
