
Microsoft Visual Studio Solution File, Format Version 12.00
# Visual Studio 15
VisualStudioVersion = 15.0.27703.2035
MinimumVisualStudioVersion = 10.0.40219.1
Project("{FAE04EC0-301F-11D3-BF4B-00C04F79EFBC}") = "Broadcaster", "Broadcaster\Broadcaster.csproj", "{A171DA06-BF10-4F06-861E-3BEA4EB68B6B}"
EndProject
Global
	GlobalSection(SolutionConfigurationPlatforms) = preSolution
		Debug|Any CPU = Debug|Any CPU
		Release|Any CPU = Release|Any CPU
	EndGlobalSection
	GlobalSection(ProjectConfigurationPlatforms) = postSolution
		{A171DA06-BF10-4F06-861E-3BEA4EB68B6B}.Debug|Any CPU.ActiveCfg = Debug|Any CPU
		{A171DA06-BF10-4F06-861E-3BEA4EB68B6B}.Debug|Any CPU.Build.0 = Debug|Any CPU
		{A171DA06-BF10-4F06-861E-3BEA4EB68B6B}.Release|Any CPU.ActiveCfg = Release|Any CPU
		{A171DA06-BF10-4F06-861E-3BEA4EB68B6B}.Release|Any CPU.Build.0 = Release|Any CPU
	EndGlobalSection
	GlobalSection(SolutionProperties) = preSolution
		HideSolutionNode = FALSE
	EndGlobalSection
	GlobalSection(ExtensibilityGlobals) = postSolution
		SolutionGuid = {35E597FE-B580-44C1-8C88-1892A2A0E865}
	EndGlobalSection
EndGlobal
